
Microsoft Visual Studio Solution File, Format Version 12.00
# Visual Studio Version 17
VisualStudioVersion = 17.2.32602.215
MinimumVisualStudioVersion = 10.0.40219.1
Project("{FAE04EC0-301F-11D3-BF4B-00C04F79EFBC}") = "OrderDetail", "OrderDetail\OrderDetail.csproj", "{CFCC97FE-7251-4800-BA49-FCF19013A6DA}"
EndProject
Project("{FAE04EC0-301F-11D3-BF4B-00C04F79EFBC}") = "OrderDetailConsoleApp", "OrderDetailConsoleApp\OrderDetailConsoleApp.csproj", "{3C69DDBE-733E-440D-AB70-75B74ABFD37D}"
EndProject
Global
	GlobalSection(SolutionConfigurationPlatforms) = preSolution
		Debug|Any CPU = Debug|Any CPU
		Release|Any CPU = Release|Any CPU
	EndGlobalSection
	GlobalSection(ProjectConfigurationPlatforms) = postSolution
		{CFCC97FE-7251-4800-BA49-FCF19013A6DA}.Debug|Any CPU.ActiveCfg = Debug|Any CPU
		{CFCC97FE-7251-4800-BA49-FCF19013A6DA}.Debug|Any CPU.Build.0 = Debug|Any CPU
		{CFCC97FE-7251-4800-BA49-FCF19013A6DA}.Release|Any CPU.ActiveCfg = Release|Any CPU
		{CFCC97FE-7251-4800-BA49-FCF19013A6DA}.Release|Any CPU.Build.0 = Release|Any CPU
		{3C69DDBE-733E-440D-AB70-75B74ABFD37D}.Debug|Any CPU.ActiveCfg = Debug|Any CPU
		{3C69DDBE-733E-440D-AB70-75B74ABFD37D}.Debug|Any CPU.Build.0 = Debug|Any CPU
		{3C69DDBE-733E-440D-AB70-75B74ABFD37D}.Release|Any CPU.ActiveCfg = Release|Any CPU
		{3C69DDBE-733E-440D-AB70-75B74ABFD37D}.Release|Any CPU.Build.0 = Release|Any CPU
	EndGlobalSection
	GlobalSection(SolutionProperties) = preSolution
		HideSolutionNode = FALSE
	EndGlobalSection
	GlobalSection(ExtensibilityGlobals) = postSolution
		SolutionGuid = {04629865-225D-41CF-B591-B66EB26C8D40}
	EndGlobalSection
EndGlobal
